
Microsoft Visual Studio Solution File, Format Version 12.00
# Visual Studio Version 17
VisualStudioVersion = 17.9.34723.18
MinimumVisualStudioVersion = 10.0.40219.1
Project("{9A19103F-16F7-4668-BE54-9A1E7A4F7556}") = "WebApplication1", "WebApplication1\WebApplication1.csproj", "{DD3272AA-A6CC-4C1A-884F-CCA5092DB401}"
EndProject
Project("{9A19103F-16F7-4668-BE54-9A1E7A4F7556}") = "WebApplication2", "WebApplication2\WebApplication2.csproj", "{0B9C97FE-1C78-42E6-B558-AC4070A8DFD5}"
EndProject
Project("{9A19103F-16F7-4668-BE54-9A1E7A4F7556}") = "WebApplication3", "WebApplication3\WebApplication3.csproj", "{FFEAB520-B8C3-4151-9097-3E106515B7D3}"
EndProject
Project("{9A19103F-16F7-4668-BE54-9A1E7A4F7556}") = "WebApplication4", "WebApplication4\WebApplication4.csproj", "{0BF29123-D3F8-4212-B52C-A29F30897794}"
EndProject
Project("{9A19103F-16F7-4668-BE54-9A1E7A4F7556}") = "WebApplication5", "WebApplication5\WebApplication5.csproj", "{42A1818A-1920-4F4F-97DB-A5B1593928CB}"
EndProject
Project("{9A19103F-16F7-4668-BE54-9A1E7A4F7556}") = "WebApplication6", "WebApplication6\WebApplication6.csproj", "{E1BA7513-9B82-4BD3-83DD-69360E87F03D}"
EndProject
Project("{9A19103F-16F7-4668-BE54-9A1E7A4F7556}") = "WebApplication7", "WebApplication7\WebApplication7.csproj", "{C361067B-FD77-41CC-AE87-FEE609CEFCAA}"
EndProject
Project("{9A19103F-16F7-4668-BE54-9A1E7A4F7556}") = "WebApplication8", "WebApplication8\WebApplication8.csproj", "{813DBDE4-2003-4FCC-B354-E820C9B173DC}"
EndProject
Project("{9A19103F-16F7-4668-BE54-9A1E7A4F7556}") = "WebApplication9", "WebApplication9\WebApplication9.csproj", "{0E4A7322-D61C-493C-A2B5-9CABCD252072}"
EndProject
Project("{2150E333-8FDC-42A3-9474-1A3956D46DE8}") = "00 Base", "00 Base", "{6AA5ADDF-2B8A-44FA-90AA-7A89F730A574}"
EndProject
Project("{2150E333-8FDC-42A3-9474-1A3956D46DE8}") = "03 Logger", "03 Logger", "{3900BBF8-9832-4179-9FF1-E3480315E969}"
EndProject
Project("{2150E333-8FDC-42A3-9474-1A3956D46DE8}") = "07 Authentication", "07 Authentication", "{0F43660B-97FD-4F63-BA10-DE229C86A65B}"
EndProject
Project("{2150E333-8FDC-42A3-9474-1A3956D46DE8}") = "05 Redis", "05 Redis", "{83F40E76-7A6A-4BCE-A1DA-A62996C3A449}"
EndProject
Project("{2150E333-8FDC-42A3-9474-1A3956D46DE8}") = "06 Session", "06 Session", "{C2A74D06-9943-4E7F-B59B-FD5CF6FD3B90}"
EndProject
Project("{9A19103F-16F7-4668-BE54-9A1E7A4F7556}") = "WebApplication10", "WebApplication10\WebApplication10.csproj", "{8AD0DC3E-27FF-4C2F-A34E-A011836BC0EE}"
EndProject
Project("{2150E333-8FDC-42A3-9474-1A3956D46DE8}") = "04 Newtonsoft", "04 Newtonsoft", "{4AEECA93-2FC3-415A-81B9-EBDDC80D6069}"
EndProject
Project("{9A19103F-16F7-4668-BE54-9A1E7A4F7556}") = "WebApplication11", "WebApplication11\WebApplication11.csproj", "{5B2E6516-414A-4BE4-B95F-45DE5C829466}"
EndProject
Project("{2150E333-8FDC-42A3-9474-1A3956D46DE8}") = "08 Validation", "08 Validation", "{36ADD05E-229C-45E3-A46F-A6956CD409D7}"
EndProject
Project("{9A19103F-16F7-4668-BE54-9A1E7A4F7556}") = "WebApplication12", "WebApplication12\WebApplication12.csproj", "{46B1BFEA-68DE-44F4-811C-D9CBD3710287}"
EndProject
Project("{2150E333-8FDC-42A3-9474-1A3956D46DE8}") = "99 Test", "99 Test", "{B64AF866-717A-4893-ABE7-A53E38BDE2C2}"
EndProject
Project("{9A19103F-16F7-4668-BE54-9A1E7A4F7556}") = "WebApplication12.Tests", "WebApplication12.Tests\WebApplication12.Tests.csproj", "{003C8871-26EA-4644-B44D-B33E4690689F}"
EndProject
Project("{9A19103F-16F7-4668-BE54-9A1E7A4F7556}") = "WebApplication13", "WebApplication13\WebApplication13.csproj", "{A6D7635B-FA41-4158-98CD-37E9803534CB}"
EndProject
Project("{2150E333-8FDC-42A3-9474-1A3956D46DE8}") = "02 Autofac", "02 Autofac", "{F6323212-C576-4979-BBC1-6EA8F6CA7EAE}"
EndProject
Project("{2150E333-8FDC-42A3-9474-1A3956D46DE8}") = "01 Exception", "01 Exception", "{69561A20-877A-4A32-AAA5-C91DFD0198C8}"
EndProject
Project("{9A19103F-16F7-4668-BE54-9A1E7A4F7556}") = "WebApplication14", "WebApplication14\WebApplication14.csproj", "{93F89A55-4FDF-47F8-BFC6-169B464D451D}"
EndProject
Project("{2150E333-8FDC-42A3-9474-1A3956D46DE8}") = "09 SqlSugar", "09 SqlSugar", "{029D4457-7130-4CD3-B400-506C6F101520}"
EndProject
Project("{9A19103F-16F7-4668-BE54-9A1E7A4F7556}") = "WebApplication15", "WebApplication15\WebApplication15.csproj", "{04853A11-5379-4C4E-AFF2-A43F383C3BC0}"
EndProject
Project("{9A19103F-16F7-4668-BE54-9A1E7A4F7556}") = "WebApplication16", "WebApplication16\WebApplication16.csproj", "{13AD15BA-DBF5-4D64-842E-FCFA81CB12A5}"
EndProject
Project("{9A19103F-16F7-4668-BE54-9A1E7A4F7556}") = "WebApplication15.Tests", "WebApplication15.Tests\WebApplication15.Tests.csproj", "{3381A8B7-E13F-4941-84BA-4D0DD9847B34}"
EndProject
Project("{9A19103F-16F7-4668-BE54-9A1E7A4F7556}") = "WebApplication17", "WebApplication17\WebApplication17.csproj", "{EEB2E966-6076-452D-AD71-427C7577EFC0}"
EndProject
Project("{9A19103F-16F7-4668-BE54-9A1E7A4F7556}") = "WebApplication18", "WebApplication18\WebApplication18.csproj", "{73F5F31E-6078-4F7F-B8C2-57D68DB9FD79}"
EndProject
Project("{9A19103F-16F7-4668-BE54-9A1E7A4F7556}") = "WebApplication19", "WebApplication19\WebApplication19.csproj", "{AE6B52DF-F9B1-46BE-A1F6-AC2ADA1FC143}"
EndProject
Project("{9A19103F-16F7-4668-BE54-9A1E7A4F7556}") = "WebApplication20", "WebApplication20\WebApplication20.csproj", "{D3BFAA21-D937-4E51-8791-54414B7619C9}"
EndProject
Project("{9A19103F-16F7-4668-BE54-9A1E7A4F7556}") = "WebApplication21", "WebApplication21\WebApplication21.csproj", "{EE379C6C-4E1A-4CA8-82FC-00A0754513BD}"
EndProject
Project("{9A19103F-16F7-4668-BE54-9A1E7A4F7556}") = "WebApplication22", "WebApplication22\WebApplication22.csproj", "{AB522288-D33B-4105-ADC3-AE1D3843F465}"
EndProject
Project("{9A19103F-16F7-4668-BE54-9A1E7A4F7556}") = "WebApplication21.Tests", "WebApplication21.Tests\WebApplication21.Tests.csproj", "{71525A1C-8AF0-4180-9ED7-A3C785192127}"
EndProject
Project("{9A19103F-16F7-4668-BE54-9A1E7A4F7556}") = "WebApplication23", "WebApplication23\WebApplication23.csproj", "{88C35D77-0CDE-488B-AC11-17E267341CFE}"
EndProject
Project("{9A19103F-16F7-4668-BE54-9A1E7A4F7556}") = "WebApplication23.Tests", "WebApplication23.Tests\WebApplication23.Tests.csproj", "{3FD62D44-56B1-4EB1-BB91-E670C9C05D6D}"
EndProject
Project("{2150E333-8FDC-42A3-9474-1A3956D46DE8}") = "12 WebApi", "12 WebApi", "{63A1B1ED-CDFA-4126-91CF-62EDE4AF01A6}"
EndProject
Project("{9A19103F-16F7-4668-BE54-9A1E7A4F7556}") = "WebApplication24", "WebApplication24\WebApplication24.csproj", "{B5376F6D-1688-4582-B5FC-18A6F4084ADD}"
EndProject
Project("{2150E333-8FDC-42A3-9474-1A3956D46DE8}") = "10 AutoMapper", "10 AutoMapper", "{88A95EE0-B7FF-4128-A707-005CF1A2176C}"
EndProject
Project("{9A19103F-16F7-4668-BE54-9A1E7A4F7556}") = "WebApplication25", "WebApplication25\WebApplication25.csproj", "{00A3417C-42C3-4C6E-B8E1-301F7B52BC3C}"
EndProject
Project("{2150E333-8FDC-42A3-9474-1A3956D46DE8}") = "11 EFCore", "11 EFCore", "{FDD64224-F8C7-4EDA-B41A-7FF57FD4C5B5}"
EndProject
Project("{9A19103F-16F7-4668-BE54-9A1E7A4F7556}") = "WebApplication26", "WebApplication26\WebApplication26.csproj", "{3CCA1CF2-D849-41AD-8336-C54E7F405F8B}"
EndProject
Project("{9A19103F-16F7-4668-BE54-9A1E7A4F7556}") = "WebApplication27", "WebApplication27\WebApplication27.csproj", "{CB98247C-FA17-457E-B76D-7189493039FD}"
EndProject
Project("{FAE04EC0-301F-11D3-BF4B-00C04F79EFBC}") = "WebApplication28", "WebApplication28\WebApplication28.csproj", "{56D75F79-6248-4AAB-947B-B7CD1EBBE4DC}"
EndProject
Project("{FAE04EC0-301F-11D3-BF4B-00C04F79EFBC}") = "WebApplication29", "WebApplication29\WebApplication29.csproj", "{6BEFDAFC-6E0B-48B6-902B-711DD5F137EA}"
EndProject
Project("{FAE04EC0-301F-11D3-BF4B-00C04F79EFBC}") = "WebApplication30", "WebApplication30\WebApplication30.csproj", "{C6CA37A9-B1A0-4B20-9FB6-46FAADE230F3}"
EndProject
Project("{FAE04EC0-301F-11D3-BF4B-00C04F79EFBC}") = "WebApplication31", "WebApplication31\WebApplication31.csproj", "{7C0BB07F-EE6C-44E9-8EE7-09A607266FAB}"
EndProject
Project("{FAE04EC0-301F-11D3-BF4B-00C04F79EFBC}") = "WebApplication30.Tests", "WebApplication30.Tests\WebApplication30.Tests.csproj", "{7A2C3B42-C990-4057-9ED2-041AE5E8EF00}"
EndProject
Project("{FAE04EC0-301F-11D3-BF4B-00C04F79EFBC}") = "WebApplication32", "WebApplication32\WebApplication32.csproj", "{086AB102-A031-4152-8351-A16E68D8AF16}"
EndProject
Project("{FAE04EC0-301F-11D3-BF4B-00C04F79EFBC}") = "WebApplication33", "WebApplication33\WebApplication33.csproj", "{79F98788-A955-4AFD-BEBD-309BBAB73DF2}"
EndProject
Project("{2150E333-8FDC-42A3-9474-1A3956D46DE8}") = "05 Seq", "05 Seq", "{02EA681E-C7D8-13C7-8484-4AC65E1B71E8}"
EndProject
Project("{2150E333-8FDC-42A3-9474-1A3956D46DE8}") = "04 Exceptionless", "04 Exceptionless", "{8B94650F-A4AB-42C5-B3F7-45079FB9FA88}"
EndProject
Project("{2150E333-8FDC-42A3-9474-1A3956D46DE8}") = "01 Log4Net", "01 Log4Net", "{1FB5192B-B7EC-4062-B036-C7E03D97911D}"
EndProject
Project("{2150E333-8FDC-42A3-9474-1A3956D46DE8}") = "02 Serilog", "02 Serilog", "{9AD0CE59-4B04-447E-B068-F908B386E9CA}"
EndProject
Project("{2150E333-8FDC-42A3-9474-1A3956D46DE8}") = "03 NLog", "03 NLog", "{6EB3D69A-1C94-4BDE-B7A2-2A68B169D4FA}"
EndProject
Project("{FAE04EC0-301F-11D3-BF4B-00C04F79EFBC}") = "WebApplication34", "WebApplication34\WebApplication34.csproj", "{6092A449-58E4-4C9C-BD63-86B1AB3991D4}"
EndProject
Project("{2150E333-8FDC-42A3-9474-1A3956D46DE8}") = "13 Captcha", "13 Captcha", "{569825AC-1628-48F2-A838-3FB52EB29333}"
EndProject
Project("{FAE04EC0-301F-11D3-BF4B-00C04F79EFBC}") = "WebApplication35", "WebApplication35\WebApplication35.csproj", "{3AE83B02-FF96-4226-9EA8-FA1A8441D0E3}"
EndProject
Project("{2150E333-8FDC-42A3-9474-1A3956D46DE8}") = "14 Polly", "14 Polly", "{5BAD46C0-9B97-4753-8278-C0EE5F07E4D0}"
EndProject
Project("{FAE04EC0-301F-11D3-BF4B-00C04F79EFBC}") = "WebApplication36", "WebApplication36\WebApplication36.csproj", "{293712D4-624B-45DA-B1FB-366A84F077D3}"
EndProject
Project("{2150E333-8FDC-42A3-9474-1A3956D46DE8}") = "15 Ocelot", "15 Ocelot", "{0AF41BA7-4CB8-405E-9319-969F35EFD74D}"
EndProject
Project("{FAE04EC0-301F-11D3-BF4B-00C04F79EFBC}") = "WebApplication37", "WebApplication37\WebApplication37.csproj", "{22AFBCA3-F0B1-45D6-A72C-FD95F0EC6CB5}"
EndProject
Project("{2150E333-8FDC-42A3-9474-1A3956D46DE8}") = "00 Backend", "00 Backend", "{2B56BF77-DBD9-4F95-B110-92AC644555ED}"
EndProject
Project("{2150E333-8FDC-42A3-9474-1A3956D46DE8}") = "01 Ocelot Base", "01 Ocelot Base", "{2FC1B586-4EB0-49D0-AC84-DEE739E6F0DD}"
EndProject
Project("{2150E333-8FDC-42A3-9474-1A3956D46DE8}") = "02 Ocelot Administration", "02 Ocelot Administration", "{27775397-04E1-4614-AB04-9C7A2D90A09A}"
EndProject
Project("{FAE04EC0-301F-11D3-BF4B-00C04F79EFBC}") = "WebApplication39", "WebApplication39\WebApplication39.csproj", "{766E7F4E-37D2-4971-BCD7-C619A15C2178}"
EndProject
Project("{2150E333-8FDC-42A3-9474-1A3956D46DE8}") = "03 Ocelot Authentication", "03 Ocelot Authentication", "{B73931C4-341D-4130-8043-2FC06F264925}"
EndProject
Project("{FAE04EC0-301F-11D3-BF4B-00C04F79EFBC}") = "WebApplication40", "WebApplication40\WebApplication40.csproj", "{742FE5D6-8E11-4EFF-B3A8-B15AB3E6B596}"
EndProject
Project("{FAE04EC0-301F-11D3-BF4B-00C04F79EFBC}") = "Project1", "Project1\Project1.csproj", "{BCED3715-F55C-4C2A-B899-0735BFD3E751}"
EndProject
Project("{2150E333-8FDC-42A3-9474-1A3956D46DE8}") = "16 Consul", "16 Consul", "{BB5E8E82-98A5-4059-99E1-23E9BF51D5CC}"
EndProject
Project("{FAE04EC0-301F-11D3-BF4B-00C04F79EFBC}") = "WebApplication42", "WebApplication42\WebApplication42.csproj", "{4F422AF6-B6B2-4236-8299-E6CA1E5D787C}"
EndProject
Project("{2150E333-8FDC-42A3-9474-1A3956D46DE8}") = "00 Register", "00 Register", "{B248D2E8-DB21-451F-ACCD-E63498DF4C22}"
EndProject
Project("{2150E333-8FDC-42A3-9474-1A3956D46DE8}") = "01 Discovery", "01 Discovery", "{8C8C2681-069F-4375-B1DD-44BB36D5EB2E}"
EndProject
Project("{FAE04EC0-301F-11D3-BF4B-00C04F79EFBC}") = "WebApplication43", "WebApplication43\WebApplication43.csproj", "{B7524526-A3E0-4E42-9F13-CBA713EFFF50}"
EndProject
Project("{2150E333-8FDC-42A3-9474-1A3956D46DE8}") = "00 HostApplicationLifetime", "00 HostApplicationLifetime", "{0058F295-4AF5-41AA-94AF-9252FF524736}"
EndProject
Project("{FAE04EC0-301F-11D3-BF4B-00C04F79EFBC}") = "WebApplication44", "WebApplication44\WebApplication44.csproj", "{41271DAF-A564-4287-A048-68C3AB7220BC}"
EndProject
Project("{2150E333-8FDC-42A3-9474-1A3956D46DE8}") = "01 Static Class Logger", "01 Static Class Logger", "{841EE812-0A87-4628-A987-D86E219B723E}"
EndProject
Project("{FAE04EC0-301F-11D3-BF4B-00C04F79EFBC}") = "WebApplication45", "WebApplication45\WebApplication45.csproj", "{1C16FE98-9D7E-4F2D-B4E8-F9BDD0935D2B}"
EndProject
Project("{2150E333-8FDC-42A3-9474-1A3956D46DE8}") = "17 WebApi Client", "17 WebApi Client", "{CAC4B683-FCCC-4B67-B150-70D92B162C96}"
EndProject
Project("{FAE04EC0-301F-11D3-BF4B-00C04F79EFBC}") = "WebApplication46", "WebApplication46\WebApplication46.csproj", "{3F39591C-47EE-44E4-B9B6-D1AF120A0C35}"
EndProject
Project("{2150E333-8FDC-42A3-9474-1A3956D46DE8}") = "00 refit", "00 refit", "{3355FB3F-2885-403A-80F4-9B60ED9FB700}"
EndProject
Project("{2150E333-8FDC-42A3-9474-1A3956D46DE8}") = "18 IdentityServer", "18 IdentityServer", "{E28DE2CA-2E56-4C37-A1AE-7F2CD95EE130}"
EndProject
Project("{2150E333-8FDC-42A3-9474-1A3956D46DE8}") = "00 Server", "00 Server", "{26FC9C36-AE64-4EA7-BB09-E4D32D9472EE}"
EndProject
Project("{2150E333-8FDC-42A3-9474-1A3956D46DE8}") = "01 client_credentials", "01 client_credentials", "{EA377CF6-9E7E-4E79-82CB-52DF3D35DC03}"
EndProject
Project("{2150E333-8FDC-42A3-9474-1A3956D46DE8}") = "01 Client", "01 Client", "{287DE2E7-2BB4-4CAB-9AFB-C5459ECA94DF}"
EndProject
Project("{2150E333-8FDC-42A3-9474-1A3956D46DE8}") = "00 Web Api", "00 Web Api", "{B54E04A6-3BD5-4CCF-A111-C534BFC77BAA}"
EndProject
Project("{FAE04EC0-301F-11D3-BF4B-00C04F79EFBC}") = "WebApplication47", "WebApplication47\WebApplication47.csproj", "{2F81A347-DBBA-4651-B9B5-8664631FF41F}"
EndProject
Project("{2150E333-8FDC-42A3-9474-1A3956D46DE8}") = "Product WebApi", "Product WebApi", "{5722B845-8B6A-4905-95E7-4970C6BD6F6F}"
EndProject
Project("{2150E333-8FDC-42A3-9474-1A3956D46DE8}") = "Order Api", "Order Api", "{5E66452C-31AE-486F-9A88-1E43449D45BF}"
EndProject
Project("{FAE04EC0-301F-11D3-BF4B-00C04F79EFBC}") = "WebApplication48", "WebApplication48\WebApplication48.csproj", "{59D36B8A-BA71-4F15-88D3-A73FAFA8D9A6}"
EndProject
Project("{FAE04EC0-301F-11D3-BF4B-00C04F79EFBC}") = "WebApplication38", "WebApplication38\WebApplication38.csproj", "{FD243FF5-3993-0B7B-E59D-C3F55BD5CCFE}"
EndProject
Project("{FAE04EC0-301F-11D3-BF4B-00C04F79EFBC}") = "WebApplication38.Tests", "WebApplication38.Tests\WebApplication38.Tests.csproj", "{FF396BFC-B748-4855-8861-4EF42E2FED13}"
EndProject
Project("{2150E333-8FDC-42A3-9474-1A3956D46DE8}") = "19 HttpRequestMessage", "19 HttpRequestMessage", "{6B8C60CC-21E1-4030-A28C-5CB641A5B05B}"
EndProject
Project("{FAE04EC0-301F-11D3-BF4B-00C04F79EFBC}") = "WebApplication49", "WebApplication49\WebApplication49.csproj", "{33E5D1DF-BC93-4811-86FE-EBEC3234430F}"
EndProject
Global
	GlobalSection(SolutionConfigurationPlatforms) = preSolution
		Debug|Any CPU = Debug|Any CPU
		Release|Any CPU = Release|Any CPU
	EndGlobalSection
	GlobalSection(ProjectConfigurationPlatforms) = postSolution
		{DD3272AA-A6CC-4C1A-884F-CCA5092DB401}.Debug|Any CPU.ActiveCfg = Debug|Any CPU
		{DD3272AA-A6CC-4C1A-884F-CCA5092DB401}.Debug|Any CPU.Build.0 = Debug|Any CPU
		{DD3272AA-A6CC-4C1A-884F-CCA5092DB401}.Release|Any CPU.ActiveCfg = Release|Any CPU
		{DD3272AA-A6CC-4C1A-884F-CCA5092DB401}.Release|Any CPU.Build.0 = Release|Any CPU
		{0B9C97FE-1C78-42E6-B558-AC4070A8DFD5}.Debug|Any CPU.ActiveCfg = Debug|Any CPU
		{0B9C97FE-1C78-42E6-B558-AC4070A8DFD5}.Debug|Any CPU.Build.0 = Debug|Any CPU
		{0B9C97FE-1C78-42E6-B558-AC4070A8DFD5}.Release|Any CPU.ActiveCfg = Release|Any CPU
		{0B9C97FE-1C78-42E6-B558-AC4070A8DFD5}.Release|Any CPU.Build.0 = Release|Any CPU
		{FFEAB520-B8C3-4151-9097-3E106515B7D3}.Debug|Any CPU.ActiveCfg = Debug|Any CPU
		{FFEAB520-B8C3-4151-9097-3E106515B7D3}.Debug|Any CPU.Build.0 = Debug|Any CPU
		{FFEAB520-B8C3-4151-9097-3E106515B7D3}.Release|Any CPU.ActiveCfg = Release|Any CPU
		{FFEAB520-B8C3-4151-9097-3E106515B7D3}.Release|Any CPU.Build.0 = Release|Any CPU
		{0BF29123-D3F8-4212-B52C-A29F30897794}.Debug|Any CPU.ActiveCfg = Debug|Any CPU
		{0BF29123-D3F8-4212-B52C-A29F30897794}.Debug|Any CPU.Build.0 = Debug|Any CPU
		{0BF29123-D3F8-4212-B52C-A29F30897794}.Release|Any CPU.ActiveCfg = Release|Any CPU
		{0BF29123-D3F8-4212-B52C-A29F30897794}.Release|Any CPU.Build.0 = Release|Any CPU
		{42A1818A-1920-4F4F-97DB-A5B1593928CB}.Debug|Any CPU.ActiveCfg = Debug|Any CPU
		{42A1818A-1920-4F4F-97DB-A5B1593928CB}.Debug|Any CPU.Build.0 = Debug|Any CPU
		{42A1818A-1920-4F4F-97DB-A5B1593928CB}.Release|Any CPU.ActiveCfg = Release|Any CPU
		{42A1818A-1920-4F4F-97DB-A5B1593928CB}.Release|Any CPU.Build.0 = Release|Any CPU
		{E1BA7513-9B82-4BD3-83DD-69360E87F03D}.Debug|Any CPU.ActiveCfg = Debug|Any CPU
		{E1BA7513-9B82-4BD3-83DD-69360E87F03D}.Debug|Any CPU.Build.0 = Debug|Any CPU
		{E1BA7513-9B82-4BD3-83DD-69360E87F03D}.Release|Any CPU.ActiveCfg = Release|Any CPU
		{E1BA7513-9B82-4BD3-83DD-69360E87F03D}.Release|Any CPU.Build.0 = Release|Any CPU
		{C361067B-FD77-41CC-AE87-FEE609CEFCAA}.Debug|Any CPU.ActiveCfg = Debug|Any CPU
		{C361067B-FD77-41CC-AE87-FEE609CEFCAA}.Debug|Any CPU.Build.0 = Debug|Any CPU
		{C361067B-FD77-41CC-AE87-FEE609CEFCAA}.Release|Any CPU.ActiveCfg = Release|Any CPU
		{C361067B-FD77-41CC-AE87-FEE609CEFCAA}.Release|Any CPU.Build.0 = Release|Any CPU
		{813DBDE4-2003-4FCC-B354-E820C9B173DC}.Debug|Any CPU.ActiveCfg = Debug|Any CPU
		{813DBDE4-2003-4FCC-B354-E820C9B173DC}.Debug|Any CPU.Build.0 = Debug|Any CPU
		{813DBDE4-2003-4FCC-B354-E820C9B173DC}.Release|Any CPU.ActiveCfg = Release|Any CPU
		{813DBDE4-2003-4FCC-B354-E820C9B173DC}.Release|Any CPU.Build.0 = Release|Any CPU
		{0E4A7322-D61C-493C-A2B5-9CABCD252072}.Debug|Any CPU.ActiveCfg = Debug|Any CPU
		{0E4A7322-D61C-493C-A2B5-9CABCD252072}.Debug|Any CPU.Build.0 = Debug|Any CPU
		{0E4A7322-D61C-493C-A2B5-9CABCD252072}.Release|Any CPU.ActiveCfg = Release|Any CPU
		{0E4A7322-D61C-493C-A2B5-9CABCD252072}.Release|Any CPU.Build.0 = Release|Any CPU
		{8AD0DC3E-27FF-4C2F-A34E-A011836BC0EE}.Debug|Any CPU.ActiveCfg = Debug|Any CPU
		{8AD0DC3E-27FF-4C2F-A34E-A011836BC0EE}.Debug|Any CPU.Build.0 = Debug|Any CPU
		{8AD0DC3E-27FF-4C2F-A34E-A011836BC0EE}.Release|Any CPU.ActiveCfg = Release|Any CPU
		{8AD0DC3E-27FF-4C2F-A34E-A011836BC0EE}.Release|Any CPU.Build.0 = Release|Any CPU
		{5B2E6516-414A-4BE4-B95F-45DE5C829466}.Debug|Any CPU.ActiveCfg = Debug|Any CPU
		{5B2E6516-414A-4BE4-B95F-45DE5C829466}.Debug|Any CPU.Build.0 = Debug|Any CPU
		{5B2E6516-414A-4BE4-B95F-45DE5C829466}.Release|Any CPU.ActiveCfg = Release|Any CPU
		{5B2E6516-414A-4BE4-B95F-45DE5C829466}.Release|Any CPU.Build.0 = Release|Any CPU
		{46B1BFEA-68DE-44F4-811C-D9CBD3710287}.Debug|Any CPU.ActiveCfg = Debug|Any CPU
		{46B1BFEA-68DE-44F4-811C-D9CBD3710287}.Debug|Any CPU.Build.0 = Debug|Any CPU
		{46B1BFEA-68DE-44F4-811C-D9CBD3710287}.Release|Any CPU.ActiveCfg = Release|Any CPU
		{46B1BFEA-68DE-44F4-811C-D9CBD3710287}.Release|Any CPU.Build.0 = Release|Any CPU
		{003C8871-26EA-4644-B44D-B33E4690689F}.Debug|Any CPU.ActiveCfg = Debug|Any CPU
		{003C8871-26EA-4644-B44D-B33E4690689F}.Debug|Any CPU.Build.0 = Debug|Any CPU
		{003C8871-26EA-4644-B44D-B33E4690689F}.Release|Any CPU.ActiveCfg = Release|Any CPU
		{003C8871-26EA-4644-B44D-B33E4690689F}.Release|Any CPU.Build.0 = Release|Any CPU
		{A6D7635B-FA41-4158-98CD-37E9803534CB}.Debug|Any CPU.ActiveCfg = Debug|Any CPU
		{A6D7635B-FA41-4158-98CD-37E9803534CB}.Debug|Any CPU.Build.0 = Debug|Any CPU
		{A6D7635B-FA41-4158-98CD-37E9803534CB}.Release|Any CPU.ActiveCfg = Release|Any CPU
		{A6D7635B-FA41-4158-98CD-37E9803534CB}.Release|Any CPU.Build.0 = Release|Any CPU
		{93F89A55-4FDF-47F8-BFC6-169B464D451D}.Debug|Any CPU.ActiveCfg = Debug|Any CPU
		{93F89A55-4FDF-47F8-BFC6-169B464D451D}.Debug|Any CPU.Build.0 = Debug|Any CPU
		{93F89A55-4FDF-47F8-BFC6-169B464D451D}.Release|Any CPU.ActiveCfg = Release|Any CPU
		{93F89A55-4FDF-47F8-BFC6-169B464D451D}.Release|Any CPU.Build.0 = Release|Any CPU
		{04853A11-5379-4C4E-AFF2-A43F383C3BC0}.Debug|Any CPU.ActiveCfg = Debug|Any CPU
		{04853A11-5379-4C4E-AFF2-A43F383C3BC0}.Debug|Any CPU.Build.0 = Debug|Any CPU
		{04853A11-5379-4C4E-AFF2-A43F383C3BC0}.Release|Any CPU.ActiveCfg = Release|Any CPU
		{04853A11-5379-4C4E-AFF2-A43F383C3BC0}.Release|Any CPU.Build.0 = Release|Any CPU
		{13AD15BA-DBF5-4D64-842E-FCFA81CB12A5}.Debug|Any CPU.ActiveCfg = Debug|Any CPU
		{13AD15BA-DBF5-4D64-842E-FCFA81CB12A5}.Debug|Any CPU.Build.0 = Debug|Any CPU
		{13AD15BA-DBF5-4D64-842E-FCFA81CB12A5}.Release|Any CPU.ActiveCfg = Release|Any CPU
		{13AD15BA-DBF5-4D64-842E-FCFA81CB12A5}.Release|Any CPU.Build.0 = Release|Any CPU
		{3381A8B7-E13F-4941-84BA-4D0DD9847B34}.Debug|Any CPU.ActiveCfg = Debug|Any CPU
		{3381A8B7-E13F-4941-84BA-4D0DD9847B34}.Debug|Any CPU.Build.0 = Debug|Any CPU
		{3381A8B7-E13F-4941-84BA-4D0DD9847B34}.Release|Any CPU.ActiveCfg = Release|Any CPU
		{3381A8B7-E13F-4941-84BA-4D0DD9847B34}.Release|Any CPU.Build.0 = Release|Any CPU
		{EEB2E966-6076-452D-AD71-427C7577EFC0}.Debug|Any CPU.ActiveCfg = Debug|Any CPU
		{EEB2E966-6076-452D-AD71-427C7577EFC0}.Debug|Any CPU.Build.0 = Debug|Any CPU
		{EEB2E966-6076-452D-AD71-427C7577EFC0}.Release|Any CPU.ActiveCfg = Release|Any CPU
		{EEB2E966-6076-452D-AD71-427C7577EFC0}.Release|Any CPU.Build.0 = Release|Any CPU
		{73F5F31E-6078-4F7F-B8C2-57D68DB9FD79}.Debug|Any CPU.ActiveCfg = Debug|Any CPU
		{73F5F31E-6078-4F7F-B8C2-57D68DB9FD79}.Debug|Any CPU.Build.0 = Debug|Any CPU
		{73F5F31E-6078-4F7F-B8C2-57D68DB9FD79}.Release|Any CPU.ActiveCfg = Release|Any CPU
		{73F5F31E-6078-4F7F-B8C2-57D68DB9FD79}.Release|Any CPU.Build.0 = Release|Any CPU
		{AE6B52DF-F9B1-46BE-A1F6-AC2ADA1FC143}.Debug|Any CPU.ActiveCfg = Debug|Any CPU
		{AE6B52DF-F9B1-46BE-A1F6-AC2ADA1FC143}.Debug|Any CPU.Build.0 = Debug|Any CPU
		{AE6B52DF-F9B1-46BE-A1F6-AC2ADA1FC143}.Release|Any CPU.ActiveCfg = Release|Any CPU
		{AE6B52DF-F9B1-46BE-A1F6-AC2ADA1FC143}.Release|Any CPU.Build.0 = Release|Any CPU
		{D3BFAA21-D937-4E51-8791-54414B7619C9}.Debug|Any CPU.ActiveCfg = Debug|Any CPU
		{D3BFAA21-D937-4E51-8791-54414B7619C9}.Debug|Any CPU.Build.0 = Debug|Any CPU
		{D3BFAA21-D937-4E51-8791-54414B7619C9}.Release|Any CPU.ActiveCfg = Release|Any CPU
		{D3BFAA21-D937-4E51-8791-54414B7619C9}.Release|Any CPU.Build.0 = Release|Any CPU
		{EE379C6C-4E1A-4CA8-82FC-00A0754513BD}.Debug|Any CPU.ActiveCfg = Debug|Any CPU
		{EE379C6C-4E1A-4CA8-82FC-00A0754513BD}.Debug|Any CPU.Build.0 = Debug|Any CPU
		{EE379C6C-4E1A-4CA8-82FC-00A0754513BD}.Release|Any CPU.ActiveCfg = Release|Any CPU
		{EE379C6C-4E1A-4CA8-82FC-00A0754513BD}.Release|Any CPU.Build.0 = Release|Any CPU
		{AB522288-D33B-4105-ADC3-AE1D3843F465}.Debug|Any CPU.ActiveCfg = Debug|Any CPU
		{AB522288-D33B-4105-ADC3-AE1D3843F465}.Debug|Any CPU.Build.0 = Debug|Any CPU
		{AB522288-D33B-4105-ADC3-AE1D3843F465}.Release|Any CPU.ActiveCfg = Release|Any CPU
		{AB522288-D33B-4105-ADC3-AE1D3843F465}.Release|Any CPU.Build.0 = Release|Any CPU
		{71525A1C-8AF0-4180-9ED7-A3C785192127}.Debug|Any CPU.ActiveCfg = Debug|Any CPU
		{71525A1C-8AF0-4180-9ED7-A3C785192127}.Debug|Any CPU.Build.0 = Debug|Any CPU
		{71525A1C-8AF0-4180-9ED7-A3C785192127}.Release|Any CPU.ActiveCfg = Release|Any CPU
		{71525A1C-8AF0-4180-9ED7-A3C785192127}.Release|Any CPU.Build.0 = Release|Any CPU
		{88C35D77-0CDE-488B-AC11-17E267341CFE}.Debug|Any CPU.ActiveCfg = Debug|Any CPU
		{88C35D77-0CDE-488B-AC11-17E267341CFE}.Debug|Any CPU.Build.0 = Debug|Any CPU
		{88C35D77-0CDE-488B-AC11-17E267341CFE}.Release|Any CPU.ActiveCfg = Release|Any CPU
		{88C35D77-0CDE-488B-AC11-17E267341CFE}.Release|Any CPU.Build.0 = Release|Any CPU
		{3FD62D44-56B1-4EB1-BB91-E670C9C05D6D}.Debug|Any CPU.ActiveCfg = Debug|Any CPU
		{3FD62D44-56B1-4EB1-BB91-E670C9C05D6D}.Debug|Any CPU.Build.0 = Debug|Any CPU
		{3FD62D44-56B1-4EB1-BB91-E670C9C05D6D}.Release|Any CPU.ActiveCfg = Release|Any CPU
		{3FD62D44-56B1-4EB1-BB91-E670C9C05D6D}.Release|Any CPU.Build.0 = Release|Any CPU
		{B5376F6D-1688-4582-B5FC-18A6F4084ADD}.Debug|Any CPU.ActiveCfg = Debug|Any CPU
		{B5376F6D-1688-4582-B5FC-18A6F4084ADD}.Debug|Any CPU.Build.0 = Debug|Any CPU
		{B5376F6D-1688-4582-B5FC-18A6F4084ADD}.Release|Any CPU.ActiveCfg = Release|Any CPU
		{B5376F6D-1688-4582-B5FC-18A6F4084ADD}.Release|Any CPU.Build.0 = Release|Any CPU
		{00A3417C-42C3-4C6E-B8E1-301F7B52BC3C}.Debug|Any CPU.ActiveCfg = Debug|Any CPU
		{00A3417C-42C3-4C6E-B8E1-301F7B52BC3C}.Debug|Any CPU.Build.0 = Debug|Any CPU
		{00A3417C-42C3-4C6E-B8E1-301F7B52BC3C}.Release|Any CPU.ActiveCfg = Release|Any CPU
		{00A3417C-42C3-4C6E-B8E1-301F7B52BC3C}.Release|Any CPU.Build.0 = Release|Any CPU
		{3CCA1CF2-D849-41AD-8336-C54E7F405F8B}.Debug|Any CPU.ActiveCfg = Debug|Any CPU
		{3CCA1CF2-D849-41AD-8336-C54E7F405F8B}.Debug|Any CPU.Build.0 = Debug|Any CPU
		{3CCA1CF2-D849-41AD-8336-C54E7F405F8B}.Release|Any CPU.ActiveCfg = Release|Any CPU
		{3CCA1CF2-D849-41AD-8336-C54E7F405F8B}.Release|Any CPU.Build.0 = Release|Any CPU
		{CB98247C-FA17-457E-B76D-7189493039FD}.Debug|Any CPU.ActiveCfg = Debug|Any CPU
		{CB98247C-FA17-457E-B76D-7189493039FD}.Debug|Any CPU.Build.0 = Debug|Any CPU
		{CB98247C-FA17-457E-B76D-7189493039FD}.Release|Any CPU.ActiveCfg = Release|Any CPU
		{CB98247C-FA17-457E-B76D-7189493039FD}.Release|Any CPU.Build.0 = Release|Any CPU
		{56D75F79-6248-4AAB-947B-B7CD1EBBE4DC}.Debug|Any CPU.ActiveCfg = Debug|Any CPU
		{56D75F79-6248-4AAB-947B-B7CD1EBBE4DC}.Debug|Any CPU.Build.0 = Debug|Any CPU
		{56D75F79-6248-4AAB-947B-B7CD1EBBE4DC}.Release|Any CPU.ActiveCfg = Release|Any CPU
		{56D75F79-6248-4AAB-947B-B7CD1EBBE4DC}.Release|Any CPU.Build.0 = Release|Any CPU
		{6BEFDAFC-6E0B-48B6-902B-711DD5F137EA}.Debug|Any CPU.ActiveCfg = Debug|Any CPU
		{6BEFDAFC-6E0B-48B6-902B-711DD5F137EA}.Debug|Any CPU.Build.0 = Debug|Any CPU
		{6BEFDAFC-6E0B-48B6-902B-711DD5F137EA}.Release|Any CPU.ActiveCfg = Release|Any CPU
		{6BEFDAFC-6E0B-48B6-902B-711DD5F137EA}.Release|Any CPU.Build.0 = Release|Any CPU
		{C6CA37A9-B1A0-4B20-9FB6-46FAADE230F3}.Debug|Any CPU.ActiveCfg = Debug|Any CPU
		{C6CA37A9-B1A0-4B20-9FB6-46FAADE230F3}.Debug|Any CPU.Build.0 = Debug|Any CPU
		{C6CA37A9-B1A0-4B20-9FB6-46FAADE230F3}.Release|Any CPU.ActiveCfg = Release|Any CPU
		{C6CA37A9-B1A0-4B20-9FB6-46FAADE230F3}.Release|Any CPU.Build.0 = Release|Any CPU
		{7C0BB07F-EE6C-44E9-8EE7-09A607266FAB}.Debug|Any CPU.ActiveCfg = Debug|Any CPU
		{7C0BB07F-EE6C-44E9-8EE7-09A607266FAB}.Debug|Any CPU.Build.0 = Debug|Any CPU
		{7C0BB07F-EE6C-44E9-8EE7-09A607266FAB}.Release|Any CPU.ActiveCfg = Release|Any CPU
		{7C0BB07F-EE6C-44E9-8EE7-09A607266FAB}.Release|Any CPU.Build.0 = Release|Any CPU
		{7A2C3B42-C990-4057-9ED2-041AE5E8EF00}.Debug|Any CPU.ActiveCfg = Debug|Any CPU
		{7A2C3B42-C990-4057-9ED2-041AE5E8EF00}.Debug|Any CPU.Build.0 = Debug|Any CPU
		{7A2C3B42-C990-4057-9ED2-041AE5E8EF00}.Release|Any CPU.ActiveCfg = Release|Any CPU
		{7A2C3B42-C990-4057-9ED2-041AE5E8EF00}.Release|Any CPU.Build.0 = Release|Any CPU
		{086AB102-A031-4152-8351-A16E68D8AF16}.Debug|Any CPU.ActiveCfg = Debug|Any CPU
		{086AB102-A031-4152-8351-A16E68D8AF16}.Debug|Any CPU.Build.0 = Debug|Any CPU
		{086AB102-A031-4152-8351-A16E68D8AF16}.Release|Any CPU.ActiveCfg = Release|Any CPU
		{086AB102-A031-4152-8351-A16E68D8AF16}.Release|Any CPU.Build.0 = Release|Any CPU
		{79F98788-A955-4AFD-BEBD-309BBAB73DF2}.Debug|Any CPU.ActiveCfg = Debug|Any CPU
		{79F98788-A955-4AFD-BEBD-309BBAB73DF2}.Debug|Any CPU.Build.0 = Debug|Any CPU
		{79F98788-A955-4AFD-BEBD-309BBAB73DF2}.Release|Any CPU.ActiveCfg = Release|Any CPU
		{79F98788-A955-4AFD-BEBD-309BBAB73DF2}.Release|Any CPU.Build.0 = Release|Any CPU
		{6092A449-58E4-4C9C-BD63-86B1AB3991D4}.Debug|Any CPU.ActiveCfg = Debug|Any CPU
		{6092A449-58E4-4C9C-BD63-86B1AB3991D4}.Debug|Any CPU.Build.0 = Debug|Any CPU
		{6092A449-58E4-4C9C-BD63-86B1AB3991D4}.Release|Any CPU.ActiveCfg = Release|Any CPU
		{6092A449-58E4-4C9C-BD63-86B1AB3991D4}.Release|Any CPU.Build.0 = Release|Any CPU
		{3AE83B02-FF96-4226-9EA8-FA1A8441D0E3}.Debug|Any CPU.ActiveCfg = Debug|Any CPU
		{3AE83B02-FF96-4226-9EA8-FA1A8441D0E3}.Debug|Any CPU.Build.0 = Debug|Any CPU
		{3AE83B02-FF96-4226-9EA8-FA1A8441D0E3}.Release|Any CPU.ActiveCfg = Release|Any CPU
		{3AE83B02-FF96-4226-9EA8-FA1A8441D0E3}.Release|Any CPU.Build.0 = Release|Any CPU
		{293712D4-624B-45DA-B1FB-366A84F077D3}.Debug|Any CPU.ActiveCfg = Debug|Any CPU
		{293712D4-624B-45DA-B1FB-366A84F077D3}.Debug|Any CPU.Build.0 = Debug|Any CPU
		{293712D4-624B-45DA-B1FB-366A84F077D3}.Release|Any CPU.ActiveCfg = Release|Any CPU
		{293712D4-624B-45DA-B1FB-366A84F077D3}.Release|Any CPU.Build.0 = Release|Any CPU
		{22AFBCA3-F0B1-45D6-A72C-FD95F0EC6CB5}.Debug|Any CPU.ActiveCfg = Debug|Any CPU
		{22AFBCA3-F0B1-45D6-A72C-FD95F0EC6CB5}.Debug|Any CPU.Build.0 = Debug|Any CPU
		{22AFBCA3-F0B1-45D6-A72C-FD95F0EC6CB5}.Release|Any CPU.ActiveCfg = Release|Any CPU
		{22AFBCA3-F0B1-45D6-A72C-FD95F0EC6CB5}.Release|Any CPU.Build.0 = Release|Any CPU
		{766E7F4E-37D2-4971-BCD7-C619A15C2178}.Debug|Any CPU.ActiveCfg = Debug|Any CPU
		{766E7F4E-37D2-4971-BCD7-C619A15C2178}.Debug|Any CPU.Build.0 = Debug|Any CPU
		{766E7F4E-37D2-4971-BCD7-C619A15C2178}.Release|Any CPU.ActiveCfg = Release|Any CPU
		{766E7F4E-37D2-4971-BCD7-C619A15C2178}.Release|Any CPU.Build.0 = Release|Any CPU
		{742FE5D6-8E11-4EFF-B3A8-B15AB3E6B596}.Debug|Any CPU.ActiveCfg = Debug|Any CPU
		{742FE5D6-8E11-4EFF-B3A8-B15AB3E6B596}.Debug|Any CPU.Build.0 = Debug|Any CPU
		{742FE5D6-8E11-4EFF-B3A8-B15AB3E6B596}.Release|Any CPU.ActiveCfg = Release|Any CPU
		{742FE5D6-8E11-4EFF-B3A8-B15AB3E6B596}.Release|Any CPU.Build.0 = Release|Any CPU
		{BCED3715-F55C-4C2A-B899-0735BFD3E751}.Debug|Any CPU.ActiveCfg = Debug|Any CPU
		{BCED3715-F55C-4C2A-B899-0735BFD3E751}.Debug|Any CPU.Build.0 = Debug|Any CPU
		{BCED3715-F55C-4C2A-B899-0735BFD3E751}.Release|Any CPU.ActiveCfg = Release|Any CPU
		{BCED3715-F55C-4C2A-B899-0735BFD3E751}.Release|Any CPU.Build.0 = Release|Any CPU
		{4F422AF6-B6B2-4236-8299-E6CA1E5D787C}.Debug|Any CPU.ActiveCfg = Debug|Any CPU
		{4F422AF6-B6B2-4236-8299-E6CA1E5D787C}.Debug|Any CPU.Build.0 = Debug|Any CPU
		{4F422AF6-B6B2-4236-8299-E6CA1E5D787C}.Release|Any CPU.ActiveCfg = Release|Any CPU
		{4F422AF6-B6B2-4236-8299-E6CA1E5D787C}.Release|Any CPU.Build.0 = Release|Any CPU
		{B7524526-A3E0-4E42-9F13-CBA713EFFF50}.Debug|Any CPU.ActiveCfg = Debug|Any CPU
		{B7524526-A3E0-4E42-9F13-CBA713EFFF50}.Debug|Any CPU.Build.0 = Debug|Any CPU
		{B7524526-A3E0-4E42-9F13-CBA713EFFF50}.Release|Any CPU.ActiveCfg = Release|Any CPU
		{B7524526-A3E0-4E42-9F13-CBA713EFFF50}.Release|Any CPU.Build.0 = Release|Any CPU
		{41271DAF-A564-4287-A048-68C3AB7220BC}.Debug|Any CPU.ActiveCfg = Debug|Any CPU
		{41271DAF-A564-4287-A048-68C3AB7220BC}.Debug|Any CPU.Build.0 = Debug|Any CPU
		{41271DAF-A564-4287-A048-68C3AB7220BC}.Release|Any CPU.ActiveCfg = Release|Any CPU
		{41271DAF-A564-4287-A048-68C3AB7220BC}.Release|Any CPU.Build.0 = Release|Any CPU
		{1C16FE98-9D7E-4F2D-B4E8-F9BDD0935D2B}.Debug|Any CPU.ActiveCfg = Debug|Any CPU
		{1C16FE98-9D7E-4F2D-B4E8-F9BDD0935D2B}.Debug|Any CPU.Build.0 = Debug|Any CPU
		{1C16FE98-9D7E-4F2D-B4E8-F9BDD0935D2B}.Release|Any CPU.ActiveCfg = Release|Any CPU
		{1C16FE98-9D7E-4F2D-B4E8-F9BDD0935D2B}.Release|Any CPU.Build.0 = Release|Any CPU
		{3F39591C-47EE-44E4-B9B6-D1AF120A0C35}.Debug|Any CPU.ActiveCfg = Debug|Any CPU
		{3F39591C-47EE-44E4-B9B6-D1AF120A0C35}.Debug|Any CPU.Build.0 = Debug|Any CPU
		{3F39591C-47EE-44E4-B9B6-D1AF120A0C35}.Release|Any CPU.ActiveCfg = Release|Any CPU
		{3F39591C-47EE-44E4-B9B6-D1AF120A0C35}.Release|Any CPU.Build.0 = Release|Any CPU
		{2F81A347-DBBA-4651-B9B5-8664631FF41F}.Debug|Any CPU.ActiveCfg = Debug|Any CPU
		{2F81A347-DBBA-4651-B9B5-8664631FF41F}.Debug|Any CPU.Build.0 = Debug|Any CPU
		{2F81A347-DBBA-4651-B9B5-8664631FF41F}.Release|Any CPU.ActiveCfg = Release|Any CPU
		{2F81A347-DBBA-4651-B9B5-8664631FF41F}.Release|Any CPU.Build.0 = Release|Any CPU
		{59D36B8A-BA71-4F15-88D3-A73FAFA8D9A6}.Debug|Any CPU.ActiveCfg = Debug|Any CPU
		{59D36B8A-BA71-4F15-88D3-A73FAFA8D9A6}.Debug|Any CPU.Build.0 = Debug|Any CPU
		{59D36B8A-BA71-4F15-88D3-A73FAFA8D9A6}.Release|Any CPU.ActiveCfg = Release|Any CPU
		{59D36B8A-BA71-4F15-88D3-A73FAFA8D9A6}.Release|Any CPU.Build.0 = Release|Any CPU
		{FD243FF5-3993-0B7B-E59D-C3F55BD5CCFE}.Debug|Any CPU.ActiveCfg = Debug|Any CPU
		{FD243FF5-3993-0B7B-E59D-C3F55BD5CCFE}.Debug|Any CPU.Build.0 = Debug|Any CPU
		{FD243FF5-3993-0B7B-E59D-C3F55BD5CCFE}.Release|Any CPU.ActiveCfg = Release|Any CPU
		{FD243FF5-3993-0B7B-E59D-C3F55BD5CCFE}.Release|Any CPU.Build.0 = Release|Any CPU
		{FF396BFC-B748-4855-8861-4EF42E2FED13}.Debug|Any CPU.ActiveCfg = Debug|Any CPU
		{FF396BFC-B748-4855-8861-4EF42E2FED13}.Debug|Any CPU.Build.0 = Debug|Any CPU
		{FF396BFC-B748-4855-8861-4EF42E2FED13}.Release|Any CPU.ActiveCfg = Release|Any CPU
		{FF396BFC-B748-4855-8861-4EF42E2FED13}.Release|Any CPU.Build.0 = Release|Any CPU
		{33E5D1DF-BC93-4811-86FE-EBEC3234430F}.Debug|Any CPU.ActiveCfg = Debug|Any CPU
		{33E5D1DF-BC93-4811-86FE-EBEC3234430F}.Debug|Any CPU.Build.0 = Debug|Any CPU
		{33E5D1DF-BC93-4811-86FE-EBEC3234430F}.Release|Any CPU.ActiveCfg = Release|Any CPU
		{33E5D1DF-BC93-4811-86FE-EBEC3234430F}.Release|Any CPU.Build.0 = Release|Any CPU
	EndGlobalSection
	GlobalSection(SolutionProperties) = preSolution
		HideSolutionNode = FALSE
	EndGlobalSection
	GlobalSection(NestedProjects) = preSolution
		{DD3272AA-A6CC-4C1A-884F-CCA5092DB401} = {1FB5192B-B7EC-4062-B036-C7E03D97911D}
		{0B9C97FE-1C78-42E6-B558-AC4070A8DFD5} = {69561A20-877A-4A32-AAA5-C91DFD0198C8}
		{FFEAB520-B8C3-4151-9097-3E106515B7D3} = {4AEECA93-2FC3-415A-81B9-EBDDC80D6069}
		{0BF29123-D3F8-4212-B52C-A29F30897794} = {F6323212-C576-4979-BBC1-6EA8F6CA7EAE}
		{42A1818A-1920-4F4F-97DB-A5B1593928CB} = {C2A74D06-9943-4E7F-B59B-FD5CF6FD3B90}
		{E1BA7513-9B82-4BD3-83DD-69360E87F03D} = {83F40E76-7A6A-4BCE-A1DA-A62996C3A449}
		{C361067B-FD77-41CC-AE87-FEE609CEFCAA} = {6AA5ADDF-2B8A-44FA-90AA-7A89F730A574}
		{813DBDE4-2003-4FCC-B354-E820C9B173DC} = {C2A74D06-9943-4E7F-B59B-FD5CF6FD3B90}
		{0E4A7322-D61C-493C-A2B5-9CABCD252072} = {0F43660B-97FD-4F63-BA10-DE229C86A65B}
		{8AD0DC3E-27FF-4C2F-A34E-A011836BC0EE} = {6AA5ADDF-2B8A-44FA-90AA-7A89F730A574}
		{5B2E6516-414A-4BE4-B95F-45DE5C829466} = {0F43660B-97FD-4F63-BA10-DE229C86A65B}
		{46B1BFEA-68DE-44F4-811C-D9CBD3710287} = {36ADD05E-229C-45E3-A46F-A6956CD409D7}
		{003C8871-26EA-4644-B44D-B33E4690689F} = {B64AF866-717A-4893-ABE7-A53E38BDE2C2}
		{A6D7635B-FA41-4158-98CD-37E9803534CB} = {36ADD05E-229C-45E3-A46F-A6956CD409D7}
		{93F89A55-4FDF-47F8-BFC6-169B464D451D} = {F6323212-C576-4979-BBC1-6EA8F6CA7EAE}
		{04853A11-5379-4C4E-AFF2-A43F383C3BC0} = {029D4457-7130-4CD3-B400-506C6F101520}
		{13AD15BA-DBF5-4D64-842E-FCFA81CB12A5} = {029D4457-7130-4CD3-B400-506C6F101520}
		{3381A8B7-E13F-4941-84BA-4D0DD9847B34} = {B64AF866-717A-4893-ABE7-A53E38BDE2C2}
		{EEB2E966-6076-452D-AD71-427C7577EFC0} = {6AA5ADDF-2B8A-44FA-90AA-7A89F730A574}
		{73F5F31E-6078-4F7F-B8C2-57D68DB9FD79} = {6AA5ADDF-2B8A-44FA-90AA-7A89F730A574}
		{AE6B52DF-F9B1-46BE-A1F6-AC2ADA1FC143} = {6AA5ADDF-2B8A-44FA-90AA-7A89F730A574}
		{D3BFAA21-D937-4E51-8791-54414B7619C9} = {6AA5ADDF-2B8A-44FA-90AA-7A89F730A574}
		{EE379C6C-4E1A-4CA8-82FC-00A0754513BD} = {6AA5ADDF-2B8A-44FA-90AA-7A89F730A574}
		{AB522288-D33B-4105-ADC3-AE1D3843F465} = {6AA5ADDF-2B8A-44FA-90AA-7A89F730A574}
		{71525A1C-8AF0-4180-9ED7-A3C785192127} = {B64AF866-717A-4893-ABE7-A53E38BDE2C2}
		{88C35D77-0CDE-488B-AC11-17E267341CFE} = {6AA5ADDF-2B8A-44FA-90AA-7A89F730A574}
		{3FD62D44-56B1-4EB1-BB91-E670C9C05D6D} = {B64AF866-717A-4893-ABE7-A53E38BDE2C2}
		{B5376F6D-1688-4582-B5FC-18A6F4084ADD} = {63A1B1ED-CDFA-4126-91CF-62EDE4AF01A6}
		{00A3417C-42C3-4C6E-B8E1-301F7B52BC3C} = {88A95EE0-B7FF-4128-A707-005CF1A2176C}
		{3CCA1CF2-D849-41AD-8336-C54E7F405F8B} = {FDD64224-F8C7-4EDA-B41A-7FF57FD4C5B5}
		{CB98247C-FA17-457E-B76D-7189493039FD} = {FDD64224-F8C7-4EDA-B41A-7FF57FD4C5B5}
		{56D75F79-6248-4AAB-947B-B7CD1EBBE4DC} = {6AA5ADDF-2B8A-44FA-90AA-7A89F730A574}
		{6BEFDAFC-6E0B-48B6-902B-711DD5F137EA} = {FDD64224-F8C7-4EDA-B41A-7FF57FD4C5B5}
		{C6CA37A9-B1A0-4B20-9FB6-46FAADE230F3} = {9AD0CE59-4B04-447E-B068-F908B386E9CA}
		{7C0BB07F-EE6C-44E9-8EE7-09A607266FAB} = {6EB3D69A-1C94-4BDE-B7A2-2A68B169D4FA}
		{7A2C3B42-C990-4057-9ED2-041AE5E8EF00} = {B64AF866-717A-4893-ABE7-A53E38BDE2C2}
		{086AB102-A031-4152-8351-A16E68D8AF16} = {8B94650F-A4AB-42C5-B3F7-45079FB9FA88}
		{79F98788-A955-4AFD-BEBD-309BBAB73DF2} = {02EA681E-C7D8-13C7-8484-4AC65E1B71E8}
		{02EA681E-C7D8-13C7-8484-4AC65E1B71E8} = {3900BBF8-9832-4179-9FF1-E3480315E969}
		{8B94650F-A4AB-42C5-B3F7-45079FB9FA88} = {3900BBF8-9832-4179-9FF1-E3480315E969}
		{1FB5192B-B7EC-4062-B036-C7E03D97911D} = {3900BBF8-9832-4179-9FF1-E3480315E969}
		{9AD0CE59-4B04-447E-B068-F908B386E9CA} = {3900BBF8-9832-4179-9FF1-E3480315E969}
		{6EB3D69A-1C94-4BDE-B7A2-2A68B169D4FA} = {3900BBF8-9832-4179-9FF1-E3480315E969}
		{6092A449-58E4-4C9C-BD63-86B1AB3991D4} = {02EA681E-C7D8-13C7-8484-4AC65E1B71E8}
		{3AE83B02-FF96-4226-9EA8-FA1A8441D0E3} = {569825AC-1628-48F2-A838-3FB52EB29333}
		{293712D4-624B-45DA-B1FB-366A84F077D3} = {5BAD46C0-9B97-4753-8278-C0EE5F07E4D0}
		{22AFBCA3-F0B1-45D6-A72C-FD95F0EC6CB5} = {2FC1B586-4EB0-49D0-AC84-DEE739E6F0DD}
		{2B56BF77-DBD9-4F95-B110-92AC644555ED} = {0AF41BA7-4CB8-405E-9319-969F35EFD74D}
		{2FC1B586-4EB0-49D0-AC84-DEE739E6F0DD} = {0AF41BA7-4CB8-405E-9319-969F35EFD74D}
		{27775397-04E1-4614-AB04-9C7A2D90A09A} = {0AF41BA7-4CB8-405E-9319-969F35EFD74D}
		{766E7F4E-37D2-4971-BCD7-C619A15C2178} = {27775397-04E1-4614-AB04-9C7A2D90A09A}
		{B73931C4-341D-4130-8043-2FC06F264925} = {0AF41BA7-4CB8-405E-9319-969F35EFD74D}
		{742FE5D6-8E11-4EFF-B3A8-B15AB3E6B596} = {B73931C4-341D-4130-8043-2FC06F264925}
		{BCED3715-F55C-4C2A-B899-0735BFD3E751} = {EA377CF6-9E7E-4E79-82CB-52DF3D35DC03}
		{4F422AF6-B6B2-4236-8299-E6CA1E5D787C} = {B248D2E8-DB21-451F-ACCD-E63498DF4C22}
		{B248D2E8-DB21-451F-ACCD-E63498DF4C22} = {BB5E8E82-98A5-4059-99E1-23E9BF51D5CC}
		{8C8C2681-069F-4375-B1DD-44BB36D5EB2E} = {BB5E8E82-98A5-4059-99E1-23E9BF51D5CC}
		{B7524526-A3E0-4E42-9F13-CBA713EFFF50} = {8C8C2681-069F-4375-B1DD-44BB36D5EB2E}
		{0058F295-4AF5-41AA-94AF-9252FF524736} = {6AA5ADDF-2B8A-44FA-90AA-7A89F730A574}
		{41271DAF-A564-4287-A048-68C3AB7220BC} = {0058F295-4AF5-41AA-94AF-9252FF524736}
		{841EE812-0A87-4628-A987-D86E219B723E} = {6AA5ADDF-2B8A-44FA-90AA-7A89F730A574}
		{1C16FE98-9D7E-4F2D-B4E8-F9BDD0935D2B} = {841EE812-0A87-4628-A987-D86E219B723E}
		{3F39591C-47EE-44E4-B9B6-D1AF120A0C35} = {3355FB3F-2885-403A-80F4-9B60ED9FB700}
		{3355FB3F-2885-403A-80F4-9B60ED9FB700} = {CAC4B683-FCCC-4B67-B150-70D92B162C96}
		{26FC9C36-AE64-4EA7-BB09-E4D32D9472EE} = {E28DE2CA-2E56-4C37-A1AE-7F2CD95EE130}
		{EA377CF6-9E7E-4E79-82CB-52DF3D35DC03} = {26FC9C36-AE64-4EA7-BB09-E4D32D9472EE}
		{287DE2E7-2BB4-4CAB-9AFB-C5459ECA94DF} = {E28DE2CA-2E56-4C37-A1AE-7F2CD95EE130}
		{B54E04A6-3BD5-4CCF-A111-C534BFC77BAA} = {287DE2E7-2BB4-4CAB-9AFB-C5459ECA94DF}
		{2F81A347-DBBA-4651-B9B5-8664631FF41F} = {B54E04A6-3BD5-4CCF-A111-C534BFC77BAA}
		{5722B845-8B6A-4905-95E7-4970C6BD6F6F} = {2B56BF77-DBD9-4F95-B110-92AC644555ED}
		{5E66452C-31AE-486F-9A88-1E43449D45BF} = {2B56BF77-DBD9-4F95-B110-92AC644555ED}
		{59D36B8A-BA71-4F15-88D3-A73FAFA8D9A6} = {5E66452C-31AE-486F-9A88-1E43449D45BF}
		{FD243FF5-3993-0B7B-E59D-C3F55BD5CCFE} = {5722B845-8B6A-4905-95E7-4970C6BD6F6F}
		{FF396BFC-B748-4855-8861-4EF42E2FED13} = {B64AF866-717A-4893-ABE7-A53E38BDE2C2}
		{33E5D1DF-BC93-4811-86FE-EBEC3234430F} = {6B8C60CC-21E1-4030-A28C-5CB641A5B05B}
	EndGlobalSection
	GlobalSection(ExtensibilityGlobals) = postSolution
		SolutionGuid = {B9A68155-EBD1-4374-8B68-40110339BC2E}
	EndGlobalSection
EndGlobal
