
Microsoft Visual Studio Solution File, Format Version 12.00
# Visual Studio Version 17
VisualStudioVersion = 17.9.34723.18
MinimumVisualStudioVersion = 10.0.40219.1
Project("{9A19103F-16F7-4668-BE54-9A1E7A4F7556}") = "WebApplication1", "WebApplication1\WebApplication1.csproj", "{DD3272AA-A6CC-4C1A-884F-CCA5092DB401}"
EndProject
Project("{9A19103F-16F7-4668-BE54-9A1E7A4F7556}") = "WebApplication2", "WebApplication2\WebApplication2.csproj", "{0B9C97FE-1C78-42E6-B558-AC4070A8DFD5}"
EndProject
Project("{9A19103F-16F7-4668-BE54-9A1E7A4F7556}") = "WebApplication3", "WebApplication3\WebApplication3.csproj", "{FFEAB520-B8C3-4151-9097-3E106515B7D3}"
EndProject
Project("{9A19103F-16F7-4668-BE54-9A1E7A4F7556}") = "WebApplication4", "WebApplication4\WebApplication4.csproj", "{0BF29123-D3F8-4212-B52C-A29F30897794}"
EndProject
Project("{9A19103F-16F7-4668-BE54-9A1E7A4F7556}") = "WebApplication5", "WebApplication5\WebApplication5.csproj", "{42A1818A-1920-4F4F-97DB-A5B1593928CB}"
EndProject
Project("{9A19103F-16F7-4668-BE54-9A1E7A4F7556}") = "WebApplication6", "WebApplication6\WebApplication6.csproj", "{E1BA7513-9B82-4BD3-83DD-69360E87F03D}"
EndProject
Project("{9A19103F-16F7-4668-BE54-9A1E7A4F7556}") = "WebApplication7", "WebApplication7\WebApplication7.csproj", "{C361067B-FD77-41CC-AE87-FEE609CEFCAA}"
EndProject
Project("{9A19103F-16F7-4668-BE54-9A1E7A4F7556}") = "WebApplication8", "WebApplication8\WebApplication8.csproj", "{813DBDE4-2003-4FCC-B354-E820C9B173DC}"
EndProject
Project("{9A19103F-16F7-4668-BE54-9A1E7A4F7556}") = "WebApplication9", "WebApplication9\WebApplication9.csproj", "{0E4A7322-D61C-493C-A2B5-9CABCD252072}"
EndProject
Project("{2150E333-8FDC-42A3-9474-1A3956D46DE8}") = "00 Base", "00 Base", "{6AA5ADDF-2B8A-44FA-90AA-7A89F730A574}"
EndProject
Project("{2150E333-8FDC-42A3-9474-1A3956D46DE8}") = "03 Logger", "03 Logger", "{3900BBF8-9832-4179-9FF1-E3480315E969}"
EndProject
Project("{2150E333-8FDC-42A3-9474-1A3956D46DE8}") = "07 Authentication", "07 Authentication", "{0F43660B-97FD-4F63-BA10-DE229C86A65B}"
EndProject
Project("{2150E333-8FDC-42A3-9474-1A3956D46DE8}") = "05 Redis", "05 Redis", "{83F40E76-7A6A-4BCE-A1DA-A62996C3A449}"
EndProject
Project("{2150E333-8FDC-42A3-9474-1A3956D46DE8}") = "06 Session", "06 Session", "{C2A74D06-9943-4E7F-B59B-FD5CF6FD3B90}"
EndProject
Project("{9A19103F-16F7-4668-BE54-9A1E7A4F7556}") = "WebApplication10", "WebApplication10\WebApplication10.csproj", "{8AD0DC3E-27FF-4C2F-A34E-A011836BC0EE}"
EndProject
Project("{2150E333-8FDC-42A3-9474-1A3956D46DE8}") = "04 Newtonsoft", "04 Newtonsoft", "{4AEECA93-2FC3-415A-81B9-EBDDC80D6069}"
EndProject
Project("{9A19103F-16F7-4668-BE54-9A1E7A4F7556}") = "WebApplication11", "WebApplication11\WebApplication11.csproj", "{5B2E6516-414A-4BE4-B95F-45DE5C829466}"
EndProject
Project("{2150E333-8FDC-42A3-9474-1A3956D46DE8}") = "08 Validation", "08 Validation", "{36ADD05E-229C-45E3-A46F-A6956CD409D7}"
EndProject
Project("{9A19103F-16F7-4668-BE54-9A1E7A4F7556}") = "WebApplication12", "WebApplication12\WebApplication12.csproj", "{46B1BFEA-68DE-44F4-811C-D9CBD3710287}"
EndProject
Project("{2150E333-8FDC-42A3-9474-1A3956D46DE8}") = "99 Test", "99 Test", "{B64AF866-717A-4893-ABE7-A53E38BDE2C2}"
EndProject
Project("{9A19103F-16F7-4668-BE54-9A1E7A4F7556}") = "WebApplication12.Tests", "WebApplication12.Tests\WebApplication12.Tests.csproj", "{003C8871-26EA-4644-B44D-B33E4690689F}"
EndProject
Project("{9A19103F-16F7-4668-BE54-9A1E7A4F7556}") = "WebApplication13", "WebApplication13\WebApplication13.csproj", "{A6D7635B-FA41-4158-98CD-37E9803534CB}"
EndProject
Project("{2150E333-8FDC-42A3-9474-1A3956D46DE8}") = "02 Autofac", "02 Autofac", "{F6323212-C576-4979-BBC1-6EA8F6CA7EAE}"
EndProject
Project("{2150E333-8FDC-42A3-9474-1A3956D46DE8}") = "01 Exception", "01 Exception", "{69561A20-877A-4A32-AAA5-C91DFD0198C8}"
EndProject
Project("{9A19103F-16F7-4668-BE54-9A1E7A4F7556}") = "WebApplication14", "WebApplication14\WebApplication14.csproj", "{93F89A55-4FDF-47F8-BFC6-169B464D451D}"
EndProject
Project("{2150E333-8FDC-42A3-9474-1A3956D46DE8}") = "09 SqlSugar", "09 SqlSugar", "{029D4457-7130-4CD3-B400-506C6F101520}"
EndProject
Project("{9A19103F-16F7-4668-BE54-9A1E7A4F7556}") = "WebApplication15", "WebApplication15\WebApplication15.csproj", "{04853A11-5379-4C4E-AFF2-A43F383C3BC0}"
EndProject
Project("{9A19103F-16F7-4668-BE54-9A1E7A4F7556}") = "WebApplication16", "WebApplication16\WebApplication16.csproj", "{13AD15BA-DBF5-4D64-842E-FCFA81CB12A5}"
EndProject
Project("{9A19103F-16F7-4668-BE54-9A1E7A4F7556}") = "WebApplication15.Tests", "WebApplication15.Tests\WebApplication15.Tests.csproj", "{3381A8B7-E13F-4941-84BA-4D0DD9847B34}"
EndProject
Project("{9A19103F-16F7-4668-BE54-9A1E7A4F7556}") = "WebApplication17", "WebApplication17\WebApplication17.csproj", "{EEB2E966-6076-452D-AD71-427C7577EFC0}"
EndProject
Project("{9A19103F-16F7-4668-BE54-9A1E7A4F7556}") = "WebApplication18", "WebApplication18\WebApplication18.csproj", "{73F5F31E-6078-4F7F-B8C2-57D68DB9FD79}"
EndProject
Project("{9A19103F-16F7-4668-BE54-9A1E7A4F7556}") = "WebApplication19", "WebApplication19\WebApplication19.csproj", "{AE6B52DF-F9B1-46BE-A1F6-AC2ADA1FC143}"
EndProject
Project("{9A19103F-16F7-4668-BE54-9A1E7A4F7556}") = "WebApplication20", "WebApplication20\WebApplication20.csproj", "{D3BFAA21-D937-4E51-8791-54414B7619C9}"
EndProject
Project("{9A19103F-16F7-4668-BE54-9A1E7A4F7556}") = "WebApplication21", "WebApplication21\WebApplication21.csproj", "{EE379C6C-4E1A-4CA8-82FC-00A0754513BD}"
EndProject
Project("{9A19103F-16F7-4668-BE54-9A1E7A4F7556}") = "WebApplication22", "WebApplication22\WebApplication22.csproj", "{AB522288-D33B-4105-ADC3-AE1D3843F465}"
EndProject
Project("{9A19103F-16F7-4668-BE54-9A1E7A4F7556}") = "WebApplication21.Tests", "WebApplication21.Tests\WebApplication21.Tests.csproj", "{71525A1C-8AF0-4180-9ED7-A3C785192127}"
EndProject
Project("{9A19103F-16F7-4668-BE54-9A1E7A4F7556}") = "WebApplication23", "WebApplication23\WebApplication23.csproj", "{88C35D77-0CDE-488B-AC11-17E267341CFE}"
EndProject
Project("{9A19103F-16F7-4668-BE54-9A1E7A4F7556}") = "WebApplication23.Tests", "WebApplication23.Tests\WebApplication23.Tests.csproj", "{3FD62D44-56B1-4EB1-BB91-E670C9C05D6D}"
EndProject
Project("{2150E333-8FDC-42A3-9474-1A3956D46DE8}") = "12 WebApi", "12 WebApi", "{63A1B1ED-CDFA-4126-91CF-62EDE4AF01A6}"
EndProject
Project("{9A19103F-16F7-4668-BE54-9A1E7A4F7556}") = "WebApplication24", "WebApplication24\WebApplication24.csproj", "{B5376F6D-1688-4582-B5FC-18A6F4084ADD}"
EndProject
Project("{2150E333-8FDC-42A3-9474-1A3956D46DE8}") = "10 AutoMapper", "10 AutoMapper", "{88A95EE0-B7FF-4128-A707-005CF1A2176C}"
EndProject
Project("{9A19103F-16F7-4668-BE54-9A1E7A4F7556}") = "WebApplication25", "WebApplication25\WebApplication25.csproj", "{00A3417C-42C3-4C6E-B8E1-301F7B52BC3C}"
EndProject
Project("{2150E333-8FDC-42A3-9474-1A3956D46DE8}") = "11 EFCore", "11 EFCore", "{FDD64224-F8C7-4EDA-B41A-7FF57FD4C5B5}"
EndProject
Project("{9A19103F-16F7-4668-BE54-9A1E7A4F7556}") = "WebApplication26", "WebApplication26\WebApplication26.csproj", "{3CCA1CF2-D849-41AD-8336-C54E7F405F8B}"
EndProject
Project("{FAE04EC0-301F-11D3-BF4B-00C04F79EFBC}") = "WebApplication27", "WebApplication27\WebApplication27.csproj", "{CB98247C-FA17-457E-B76D-7189493039FD}"
EndProject
Global
	GlobalSection(SolutionConfigurationPlatforms) = preSolution
		Debug|Any CPU = Debug|Any CPU
		Release|Any CPU = Release|Any CPU
	EndGlobalSection
	GlobalSection(ProjectConfigurationPlatforms) = postSolution
		{DD3272AA-A6CC-4C1A-884F-CCA5092DB401}.Debug|Any CPU.ActiveCfg = Debug|Any CPU
		{DD3272AA-A6CC-4C1A-884F-CCA5092DB401}.Debug|Any CPU.Build.0 = Debug|Any CPU
		{DD3272AA-A6CC-4C1A-884F-CCA5092DB401}.Release|Any CPU.ActiveCfg = Release|Any CPU
		{DD3272AA-A6CC-4C1A-884F-CCA5092DB401}.Release|Any CPU.Build.0 = Release|Any CPU
		{0B9C97FE-1C78-42E6-B558-AC4070A8DFD5}.Debug|Any CPU.ActiveCfg = Debug|Any CPU
		{0B9C97FE-1C78-42E6-B558-AC4070A8DFD5}.Debug|Any CPU.Build.0 = Debug|Any CPU
		{0B9C97FE-1C78-42E6-B558-AC4070A8DFD5}.Release|Any CPU.ActiveCfg = Release|Any CPU
		{0B9C97FE-1C78-42E6-B558-AC4070A8DFD5}.Release|Any CPU.Build.0 = Release|Any CPU
		{FFEAB520-B8C3-4151-9097-3E106515B7D3}.Debug|Any CPU.ActiveCfg = Debug|Any CPU
		{FFEAB520-B8C3-4151-9097-3E106515B7D3}.Debug|Any CPU.Build.0 = Debug|Any CPU
		{FFEAB520-B8C3-4151-9097-3E106515B7D3}.Release|Any CPU.ActiveCfg = Release|Any CPU
		{FFEAB520-B8C3-4151-9097-3E106515B7D3}.Release|Any CPU.Build.0 = Release|Any CPU
		{0BF29123-D3F8-4212-B52C-A29F30897794}.Debug|Any CPU.ActiveCfg = Debug|Any CPU
		{0BF29123-D3F8-4212-B52C-A29F30897794}.Debug|Any CPU.Build.0 = Debug|Any CPU
		{0BF29123-D3F8-4212-B52C-A29F30897794}.Release|Any CPU.ActiveCfg = Release|Any CPU
		{0BF29123-D3F8-4212-B52C-A29F30897794}.Release|Any CPU.Build.0 = Release|Any CPU
		{42A1818A-1920-4F4F-97DB-A5B1593928CB}.Debug|Any CPU.ActiveCfg = Debug|Any CPU
		{42A1818A-1920-4F4F-97DB-A5B1593928CB}.Debug|Any CPU.Build.0 = Debug|Any CPU
		{42A1818A-1920-4F4F-97DB-A5B1593928CB}.Release|Any CPU.ActiveCfg = Release|Any CPU
		{42A1818A-1920-4F4F-97DB-A5B1593928CB}.Release|Any CPU.Build.0 = Release|Any CPU
		{E1BA7513-9B82-4BD3-83DD-69360E87F03D}.Debug|Any CPU.ActiveCfg = Debug|Any CPU
		{E1BA7513-9B82-4BD3-83DD-69360E87F03D}.Debug|Any CPU.Build.0 = Debug|Any CPU
		{E1BA7513-9B82-4BD3-83DD-69360E87F03D}.Release|Any CPU.ActiveCfg = Release|Any CPU
		{E1BA7513-9B82-4BD3-83DD-69360E87F03D}.Release|Any CPU.Build.0 = Release|Any CPU
		{C361067B-FD77-41CC-AE87-FEE609CEFCAA}.Debug|Any CPU.ActiveCfg = Debug|Any CPU
		{C361067B-FD77-41CC-AE87-FEE609CEFCAA}.Debug|Any CPU.Build.0 = Debug|Any CPU
		{C361067B-FD77-41CC-AE87-FEE609CEFCAA}.Release|Any CPU.ActiveCfg = Release|Any CPU
		{C361067B-FD77-41CC-AE87-FEE609CEFCAA}.Release|Any CPU.Build.0 = Release|Any CPU
		{813DBDE4-2003-4FCC-B354-E820C9B173DC}.Debug|Any CPU.ActiveCfg = Debug|Any CPU
		{813DBDE4-2003-4FCC-B354-E820C9B173DC}.Debug|Any CPU.Build.0 = Debug|Any CPU
		{813DBDE4-2003-4FCC-B354-E820C9B173DC}.Release|Any CPU.ActiveCfg = Release|Any CPU
		{813DBDE4-2003-4FCC-B354-E820C9B173DC}.Release|Any CPU.Build.0 = Release|Any CPU
		{0E4A7322-D61C-493C-A2B5-9CABCD252072}.Debug|Any CPU.ActiveCfg = Debug|Any CPU
		{0E4A7322-D61C-493C-A2B5-9CABCD252072}.Debug|Any CPU.Build.0 = Debug|Any CPU
		{0E4A7322-D61C-493C-A2B5-9CABCD252072}.Release|Any CPU.ActiveCfg = Release|Any CPU
		{0E4A7322-D61C-493C-A2B5-9CABCD252072}.Release|Any CPU.Build.0 = Release|Any CPU
		{8AD0DC3E-27FF-4C2F-A34E-A011836BC0EE}.Debug|Any CPU.ActiveCfg = Debug|Any CPU
		{8AD0DC3E-27FF-4C2F-A34E-A011836BC0EE}.Debug|Any CPU.Build.0 = Debug|Any CPU
		{8AD0DC3E-27FF-4C2F-A34E-A011836BC0EE}.Release|Any CPU.ActiveCfg = Release|Any CPU
		{8AD0DC3E-27FF-4C2F-A34E-A011836BC0EE}.Release|Any CPU.Build.0 = Release|Any CPU
		{5B2E6516-414A-4BE4-B95F-45DE5C829466}.Debug|Any CPU.ActiveCfg = Debug|Any CPU
		{5B2E6516-414A-4BE4-B95F-45DE5C829466}.Debug|Any CPU.Build.0 = Debug|Any CPU
		{5B2E6516-414A-4BE4-B95F-45DE5C829466}.Release|Any CPU.ActiveCfg = Release|Any CPU
		{5B2E6516-414A-4BE4-B95F-45DE5C829466}.Release|Any CPU.Build.0 = Release|Any CPU
		{46B1BFEA-68DE-44F4-811C-D9CBD3710287}.Debug|Any CPU.ActiveCfg = Debug|Any CPU
		{46B1BFEA-68DE-44F4-811C-D9CBD3710287}.Debug|Any CPU.Build.0 = Debug|Any CPU
		{46B1BFEA-68DE-44F4-811C-D9CBD3710287}.Release|Any CPU.ActiveCfg = Release|Any CPU
		{46B1BFEA-68DE-44F4-811C-D9CBD3710287}.Release|Any CPU.Build.0 = Release|Any CPU
		{003C8871-26EA-4644-B44D-B33E4690689F}.Debug|Any CPU.ActiveCfg = Debug|Any CPU
		{003C8871-26EA-4644-B44D-B33E4690689F}.Debug|Any CPU.Build.0 = Debug|Any CPU
		{003C8871-26EA-4644-B44D-B33E4690689F}.Release|Any CPU.ActiveCfg = Release|Any CPU
		{003C8871-26EA-4644-B44D-B33E4690689F}.Release|Any CPU.Build.0 = Release|Any CPU
		{A6D7635B-FA41-4158-98CD-37E9803534CB}.Debug|Any CPU.ActiveCfg = Debug|Any CPU
		{A6D7635B-FA41-4158-98CD-37E9803534CB}.Debug|Any CPU.Build.0 = Debug|Any CPU
		{A6D7635B-FA41-4158-98CD-37E9803534CB}.Release|Any CPU.ActiveCfg = Release|Any CPU
		{A6D7635B-FA41-4158-98CD-37E9803534CB}.Release|Any CPU.Build.0 = Release|Any CPU
		{93F89A55-4FDF-47F8-BFC6-169B464D451D}.Debug|Any CPU.ActiveCfg = Debug|Any CPU
		{93F89A55-4FDF-47F8-BFC6-169B464D451D}.Debug|Any CPU.Build.0 = Debug|Any CPU
		{93F89A55-4FDF-47F8-BFC6-169B464D451D}.Release|Any CPU.ActiveCfg = Release|Any CPU
		{93F89A55-4FDF-47F8-BFC6-169B464D451D}.Release|Any CPU.Build.0 = Release|Any CPU
		{04853A11-5379-4C4E-AFF2-A43F383C3BC0}.Debug|Any CPU.ActiveCfg = Debug|Any CPU
		{04853A11-5379-4C4E-AFF2-A43F383C3BC0}.Debug|Any CPU.Build.0 = Debug|Any CPU
		{04853A11-5379-4C4E-AFF2-A43F383C3BC0}.Release|Any CPU.ActiveCfg = Release|Any CPU
		{04853A11-5379-4C4E-AFF2-A43F383C3BC0}.Release|Any CPU.Build.0 = Release|Any CPU
		{13AD15BA-DBF5-4D64-842E-FCFA81CB12A5}.Debug|Any CPU.ActiveCfg = Debug|Any CPU
		{13AD15BA-DBF5-4D64-842E-FCFA81CB12A5}.Debug|Any CPU.Build.0 = Debug|Any CPU
		{13AD15BA-DBF5-4D64-842E-FCFA81CB12A5}.Release|Any CPU.ActiveCfg = Release|Any CPU
		{13AD15BA-DBF5-4D64-842E-FCFA81CB12A5}.Release|Any CPU.Build.0 = Release|Any CPU
		{3381A8B7-E13F-4941-84BA-4D0DD9847B34}.Debug|Any CPU.ActiveCfg = Debug|Any CPU
		{3381A8B7-E13F-4941-84BA-4D0DD9847B34}.Debug|Any CPU.Build.0 = Debug|Any CPU
		{3381A8B7-E13F-4941-84BA-4D0DD9847B34}.Release|Any CPU.ActiveCfg = Release|Any CPU
		{3381A8B7-E13F-4941-84BA-4D0DD9847B34}.Release|Any CPU.Build.0 = Release|Any CPU
		{EEB2E966-6076-452D-AD71-427C7577EFC0}.Debug|Any CPU.ActiveCfg = Debug|Any CPU
		{EEB2E966-6076-452D-AD71-427C7577EFC0}.Debug|Any CPU.Build.0 = Debug|Any CPU
		{EEB2E966-6076-452D-AD71-427C7577EFC0}.Release|Any CPU.ActiveCfg = Release|Any CPU
		{EEB2E966-6076-452D-AD71-427C7577EFC0}.Release|Any CPU.Build.0 = Release|Any CPU
		{73F5F31E-6078-4F7F-B8C2-57D68DB9FD79}.Debug|Any CPU.ActiveCfg = Debug|Any CPU
		{73F5F31E-6078-4F7F-B8C2-57D68DB9FD79}.Debug|Any CPU.Build.0 = Debug|Any CPU
		{73F5F31E-6078-4F7F-B8C2-57D68DB9FD79}.Release|Any CPU.ActiveCfg = Release|Any CPU
		{73F5F31E-6078-4F7F-B8C2-57D68DB9FD79}.Release|Any CPU.Build.0 = Release|Any CPU
		{AE6B52DF-F9B1-46BE-A1F6-AC2ADA1FC143}.Debug|Any CPU.ActiveCfg = Debug|Any CPU
		{AE6B52DF-F9B1-46BE-A1F6-AC2ADA1FC143}.Debug|Any CPU.Build.0 = Debug|Any CPU
		{AE6B52DF-F9B1-46BE-A1F6-AC2ADA1FC143}.Release|Any CPU.ActiveCfg = Release|Any CPU
		{AE6B52DF-F9B1-46BE-A1F6-AC2ADA1FC143}.Release|Any CPU.Build.0 = Release|Any CPU
		{D3BFAA21-D937-4E51-8791-54414B7619C9}.Debug|Any CPU.ActiveCfg = Debug|Any CPU
		{D3BFAA21-D937-4E51-8791-54414B7619C9}.Debug|Any CPU.Build.0 = Debug|Any CPU
		{D3BFAA21-D937-4E51-8791-54414B7619C9}.Release|Any CPU.ActiveCfg = Release|Any CPU
		{D3BFAA21-D937-4E51-8791-54414B7619C9}.Release|Any CPU.Build.0 = Release|Any CPU
		{EE379C6C-4E1A-4CA8-82FC-00A0754513BD}.Debug|Any CPU.ActiveCfg = Debug|Any CPU
		{EE379C6C-4E1A-4CA8-82FC-00A0754513BD}.Debug|Any CPU.Build.0 = Debug|Any CPU
		{EE379C6C-4E1A-4CA8-82FC-00A0754513BD}.Release|Any CPU.ActiveCfg = Release|Any CPU
		{EE379C6C-4E1A-4CA8-82FC-00A0754513BD}.Release|Any CPU.Build.0 = Release|Any CPU
		{AB522288-D33B-4105-ADC3-AE1D3843F465}.Debug|Any CPU.ActiveCfg = Debug|Any CPU
		{AB522288-D33B-4105-ADC3-AE1D3843F465}.Debug|Any CPU.Build.0 = Debug|Any CPU
		{AB522288-D33B-4105-ADC3-AE1D3843F465}.Release|Any CPU.ActiveCfg = Release|Any CPU
		{AB522288-D33B-4105-ADC3-AE1D3843F465}.Release|Any CPU.Build.0 = Release|Any CPU
		{71525A1C-8AF0-4180-9ED7-A3C785192127}.Debug|Any CPU.ActiveCfg = Debug|Any CPU
		{71525A1C-8AF0-4180-9ED7-A3C785192127}.Debug|Any CPU.Build.0 = Debug|Any CPU
		{71525A1C-8AF0-4180-9ED7-A3C785192127}.Release|Any CPU.ActiveCfg = Release|Any CPU
		{71525A1C-8AF0-4180-9ED7-A3C785192127}.Release|Any CPU.Build.0 = Release|Any CPU
		{88C35D77-0CDE-488B-AC11-17E267341CFE}.Debug|Any CPU.ActiveCfg = Debug|Any CPU
		{88C35D77-0CDE-488B-AC11-17E267341CFE}.Debug|Any CPU.Build.0 = Debug|Any CPU
		{88C35D77-0CDE-488B-AC11-17E267341CFE}.Release|Any CPU.ActiveCfg = Release|Any CPU
		{88C35D77-0CDE-488B-AC11-17E267341CFE}.Release|Any CPU.Build.0 = Release|Any CPU
		{3FD62D44-56B1-4EB1-BB91-E670C9C05D6D}.Debug|Any CPU.ActiveCfg = Debug|Any CPU
		{3FD62D44-56B1-4EB1-BB91-E670C9C05D6D}.Debug|Any CPU.Build.0 = Debug|Any CPU
		{3FD62D44-56B1-4EB1-BB91-E670C9C05D6D}.Release|Any CPU.ActiveCfg = Release|Any CPU
		{3FD62D44-56B1-4EB1-BB91-E670C9C05D6D}.Release|Any CPU.Build.0 = Release|Any CPU
		{B5376F6D-1688-4582-B5FC-18A6F4084ADD}.Debug|Any CPU.ActiveCfg = Debug|Any CPU
		{B5376F6D-1688-4582-B5FC-18A6F4084ADD}.Debug|Any CPU.Build.0 = Debug|Any CPU
		{B5376F6D-1688-4582-B5FC-18A6F4084ADD}.Release|Any CPU.ActiveCfg = Release|Any CPU
		{B5376F6D-1688-4582-B5FC-18A6F4084ADD}.Release|Any CPU.Build.0 = Release|Any CPU
		{00A3417C-42C3-4C6E-B8E1-301F7B52BC3C}.Debug|Any CPU.ActiveCfg = Debug|Any CPU
		{00A3417C-42C3-4C6E-B8E1-301F7B52BC3C}.Debug|Any CPU.Build.0 = Debug|Any CPU
		{00A3417C-42C3-4C6E-B8E1-301F7B52BC3C}.Release|Any CPU.ActiveCfg = Release|Any CPU
		{00A3417C-42C3-4C6E-B8E1-301F7B52BC3C}.Release|Any CPU.Build.0 = Release|Any CPU
		{3CCA1CF2-D849-41AD-8336-C54E7F405F8B}.Debug|Any CPU.ActiveCfg = Debug|Any CPU
		{3CCA1CF2-D849-41AD-8336-C54E7F405F8B}.Debug|Any CPU.Build.0 = Debug|Any CPU
		{3CCA1CF2-D849-41AD-8336-C54E7F405F8B}.Release|Any CPU.ActiveCfg = Release|Any CPU
		{3CCA1CF2-D849-41AD-8336-C54E7F405F8B}.Release|Any CPU.Build.0 = Release|Any CPU
		{CB98247C-FA17-457E-B76D-7189493039FD}.Debug|Any CPU.ActiveCfg = Debug|Any CPU
		{CB98247C-FA17-457E-B76D-7189493039FD}.Debug|Any CPU.Build.0 = Debug|Any CPU
		{CB98247C-FA17-457E-B76D-7189493039FD}.Release|Any CPU.ActiveCfg = Release|Any CPU
		{CB98247C-FA17-457E-B76D-7189493039FD}.Release|Any CPU.Build.0 = Release|Any CPU
	EndGlobalSection
	GlobalSection(SolutionProperties) = preSolution
		HideSolutionNode = FALSE
	EndGlobalSection
	GlobalSection(NestedProjects) = preSolution
		{DD3272AA-A6CC-4C1A-884F-CCA5092DB401} = {3900BBF8-9832-4179-9FF1-E3480315E969}
		{0B9C97FE-1C78-42E6-B558-AC4070A8DFD5} = {69561A20-877A-4A32-AAA5-C91DFD0198C8}
		{FFEAB520-B8C3-4151-9097-3E106515B7D3} = {4AEECA93-2FC3-415A-81B9-EBDDC80D6069}
		{0BF29123-D3F8-4212-B52C-A29F30897794} = {F6323212-C576-4979-BBC1-6EA8F6CA7EAE}
		{42A1818A-1920-4F4F-97DB-A5B1593928CB} = {C2A74D06-9943-4E7F-B59B-FD5CF6FD3B90}
		{E1BA7513-9B82-4BD3-83DD-69360E87F03D} = {83F40E76-7A6A-4BCE-A1DA-A62996C3A449}
		{C361067B-FD77-41CC-AE87-FEE609CEFCAA} = {6AA5ADDF-2B8A-44FA-90AA-7A89F730A574}
		{813DBDE4-2003-4FCC-B354-E820C9B173DC} = {C2A74D06-9943-4E7F-B59B-FD5CF6FD3B90}
		{0E4A7322-D61C-493C-A2B5-9CABCD252072} = {0F43660B-97FD-4F63-BA10-DE229C86A65B}
		{8AD0DC3E-27FF-4C2F-A34E-A011836BC0EE} = {6AA5ADDF-2B8A-44FA-90AA-7A89F730A574}
		{5B2E6516-414A-4BE4-B95F-45DE5C829466} = {0F43660B-97FD-4F63-BA10-DE229C86A65B}
		{46B1BFEA-68DE-44F4-811C-D9CBD3710287} = {36ADD05E-229C-45E3-A46F-A6956CD409D7}
		{003C8871-26EA-4644-B44D-B33E4690689F} = {B64AF866-717A-4893-ABE7-A53E38BDE2C2}
		{A6D7635B-FA41-4158-98CD-37E9803534CB} = {36ADD05E-229C-45E3-A46F-A6956CD409D7}
		{93F89A55-4FDF-47F8-BFC6-169B464D451D} = {F6323212-C576-4979-BBC1-6EA8F6CA7EAE}
		{04853A11-5379-4C4E-AFF2-A43F383C3BC0} = {029D4457-7130-4CD3-B400-506C6F101520}
		{13AD15BA-DBF5-4D64-842E-FCFA81CB12A5} = {029D4457-7130-4CD3-B400-506C6F101520}
		{3381A8B7-E13F-4941-84BA-4D0DD9847B34} = {B64AF866-717A-4893-ABE7-A53E38BDE2C2}
		{EEB2E966-6076-452D-AD71-427C7577EFC0} = {6AA5ADDF-2B8A-44FA-90AA-7A89F730A574}
		{73F5F31E-6078-4F7F-B8C2-57D68DB9FD79} = {6AA5ADDF-2B8A-44FA-90AA-7A89F730A574}
		{AE6B52DF-F9B1-46BE-A1F6-AC2ADA1FC143} = {6AA5ADDF-2B8A-44FA-90AA-7A89F730A574}
		{D3BFAA21-D937-4E51-8791-54414B7619C9} = {6AA5ADDF-2B8A-44FA-90AA-7A89F730A574}
		{EE379C6C-4E1A-4CA8-82FC-00A0754513BD} = {6AA5ADDF-2B8A-44FA-90AA-7A89F730A574}
		{AB522288-D33B-4105-ADC3-AE1D3843F465} = {6AA5ADDF-2B8A-44FA-90AA-7A89F730A574}
		{71525A1C-8AF0-4180-9ED7-A3C785192127} = {B64AF866-717A-4893-ABE7-A53E38BDE2C2}
		{88C35D77-0CDE-488B-AC11-17E267341CFE} = {6AA5ADDF-2B8A-44FA-90AA-7A89F730A574}
		{3FD62D44-56B1-4EB1-BB91-E670C9C05D6D} = {B64AF866-717A-4893-ABE7-A53E38BDE2C2}
		{B5376F6D-1688-4582-B5FC-18A6F4084ADD} = {63A1B1ED-CDFA-4126-91CF-62EDE4AF01A6}
		{00A3417C-42C3-4C6E-B8E1-301F7B52BC3C} = {88A95EE0-B7FF-4128-A707-005CF1A2176C}
		{3CCA1CF2-D849-41AD-8336-C54E7F405F8B} = {FDD64224-F8C7-4EDA-B41A-7FF57FD4C5B5}
		{CB98247C-FA17-457E-B76D-7189493039FD} = {FDD64224-F8C7-4EDA-B41A-7FF57FD4C5B5}
	EndGlobalSection
	GlobalSection(ExtensibilityGlobals) = postSolution
		SolutionGuid = {B9A68155-EBD1-4374-8B68-40110339BC2E}
	EndGlobalSection
EndGlobal
